
Microsoft Visual Studio Solution File, Format Version 12.00
# Visual Studio 15
VisualStudioVersion = 15.0.28010.2048
MinimumVisualStudioVersion = 10.0.40219.1
Project("{9A19103F-16F7-4668-BE54-9A1E7A4F7556}") = "MarsDotNetCore", "MarsDotNetCore\MarsDotNetCore.csproj", "{C61234FE-5C73-42CA-9563-1FCD96370491}"
EndProject
Global
	GlobalSection(SolutionConfigurationPlatforms) = preSolution
		Debug|Any CPU = Debug|Any CPU
		Release|Any CPU = Release|Any CPU
	EndGlobalSection
	GlobalSection(ProjectConfigurationPlatforms) = postSolution
		{C61234FE-5C73-42CA-9563-1FCD96370491}.Debug|Any CPU.ActiveCfg = Debug|Any CPU
		{C61234FE-5C73-42CA-9563-1FCD96370491}.Debug|Any CPU.Build.0 = Debug|Any CPU
		{C61234FE-5C73-42CA-9563-1FCD96370491}.Release|Any CPU.ActiveCfg = Release|Any CPU
		{C61234FE-5C73-42CA-9563-1FCD96370491}.Release|Any CPU.Build.0 = Release|Any CPU
	EndGlobalSection
	GlobalSection(SolutionProperties) = preSolution
		HideSolutionNode = FALSE
	EndGlobalSection
	GlobalSection(ExtensibilityGlobals) = postSolution
		SolutionGuid = {29FA2D1B-0D8A-4508-A00C-C5D43EC1FCD6}
	EndGlobalSection
EndGlobal
